
Microsoft Visual Studio Solution File, Format Version 12.00
# Visual Studio Version 17
VisualStudioVersion = 17.9.34622.214
MinimumVisualStudioVersion = 10.0.40219.1
Project("{9A19103F-16F7-4668-BE54-9A1E7A4F7556}") = "ValhallaVaultCyberGroup.Ui", "ValhallaVaultCyberGroup.Ui\ValhallaVaultCyberGroup.Ui.csproj", "{A80F1FC5-F71F-4E56-AA30-62454D7388DD}"
EndProject
Project("{9A19103F-16F7-4668-BE54-9A1E7A4F7556}") = "ValhallaVaultCyberGroup.Data", "ValhallaVaultCyberGroup.Data\ValhallaVaultCyberGroup.Data.csproj", "{C53C011D-79E1-4709-8F57-84215636BE99}"
EndProject
Project("{9A19103F-16F7-4668-BE54-9A1E7A4F7556}") = "ValhallaVaultCyberGroup.App", "ValhallaVaultCyberGroup.App\ValhallaVaultCyberGroup.App.csproj", "{05D3C9C6-2177-4741-AFDD-C34DA8248B04}"
EndProject
Project("{9A19103F-16F7-4668-BE54-9A1E7A4F7556}") = "Tests", "Tests\Tests.csproj", "{8F531F63-6D3B-4FFC-8090-CB87AA78FB6F}"
EndProject
Global
	GlobalSection(SolutionConfigurationPlatforms) = preSolution
		Debug|Any CPU = Debug|Any CPU
		Release|Any CPU = Release|Any CPU
	EndGlobalSection
	GlobalSection(ProjectConfigurationPlatforms) = postSolution
		{A80F1FC5-F71F-4E56-AA30-62454D7388DD}.Debug|Any CPU.ActiveCfg = Debug|Any CPU
		{A80F1FC5-F71F-4E56-AA30-62454D7388DD}.Debug|Any CPU.Build.0 = Debug|Any CPU
		{A80F1FC5-F71F-4E56-AA30-62454D7388DD}.Release|Any CPU.ActiveCfg = Release|Any CPU
		{A80F1FC5-F71F-4E56-AA30-62454D7388DD}.Release|Any CPU.Build.0 = Release|Any CPU
		{C53C011D-79E1-4709-8F57-84215636BE99}.Debug|Any CPU.ActiveCfg = Debug|Any CPU
		{C53C011D-79E1-4709-8F57-84215636BE99}.Debug|Any CPU.Build.0 = Debug|Any CPU
		{C53C011D-79E1-4709-8F57-84215636BE99}.Release|Any CPU.ActiveCfg = Release|Any CPU
		{C53C011D-79E1-4709-8F57-84215636BE99}.Release|Any CPU.Build.0 = Release|Any CPU
		{05D3C9C6-2177-4741-AFDD-C34DA8248B04}.Debug|Any CPU.ActiveCfg = Debug|Any CPU
		{05D3C9C6-2177-4741-AFDD-C34DA8248B04}.Debug|Any CPU.Build.0 = Debug|Any CPU
		{05D3C9C6-2177-4741-AFDD-C34DA8248B04}.Release|Any CPU.ActiveCfg = Release|Any CPU
		{05D3C9C6-2177-4741-AFDD-C34DA8248B04}.Release|Any CPU.Build.0 = Release|Any CPU
		{8F531F63-6D3B-4FFC-8090-CB87AA78FB6F}.Debug|Any CPU.ActiveCfg = Debug|Any CPU
		{8F531F63-6D3B-4FFC-8090-CB87AA78FB6F}.Debug|Any CPU.Build.0 = Debug|Any CPU
		{8F531F63-6D3B-4FFC-8090-CB87AA78FB6F}.Release|Any CPU.ActiveCfg = Release|Any CPU
		{8F531F63-6D3B-4FFC-8090-CB87AA78FB6F}.Release|Any CPU.Build.0 = Release|Any CPU
	EndGlobalSection
	GlobalSection(SolutionProperties) = preSolution
		HideSolutionNode = FALSE
	EndGlobalSection
	GlobalSection(ExtensibilityGlobals) = postSolution
		SolutionGuid = {74418F0E-271F-4813-8C88-AE907E4D3D64}
	EndGlobalSection
EndGlobal
